
Microsoft Visual Studio Solution File, Format Version 12.00
# Visual Studio Version 16
VisualStudioVersion = 16.0.31424.327
MinimumVisualStudioVersion = 10.0.40219.1
Project("{9A19103F-16F7-4668-BE54-9A1E7A4F7556}") = "ABC209-A", "ABC209-A\ABC209-A.csproj", "{7562D1E7-49F3-4E8B-9A4D-25DF57B21D84}"
EndProject
Project("{9A19103F-16F7-4668-BE54-9A1E7A4F7556}") = "ABC209-B", "ABC209-B\ABC209-B.csproj", "{FB08386B-21B8-4591-941B-37910FE5E947}"
EndProject
Project("{9A19103F-16F7-4668-BE54-9A1E7A4F7556}") = "ABC208-A", "ABC208-A\ABC208-A.csproj", "{3D31F7CE-0989-4F4E-9762-800FAF09B908}"
EndProject
Project("{9A19103F-16F7-4668-BE54-9A1E7A4F7556}") = "ABC208-B", "ABC208-B\ABC208-B.csproj", "{64477FCE-EEA7-4064-A217-6E6DD2FDED54}"
EndProject
Project("{9A19103F-16F7-4668-BE54-9A1E7A4F7556}") = "ABC207-A", "ABC207-A\ABC207-A.csproj", "{74C6F368-0032-4057-B27E-9AB9AA34639B}"
EndProject
Project("{9A19103F-16F7-4668-BE54-9A1E7A4F7556}") = "ABC207-B", "ABC207-B\ABC207-B.csproj", "{C7B9FB0A-C23E-43EA-92C4-BDD775ACED73}"
EndProject
Project("{9A19103F-16F7-4668-BE54-9A1E7A4F7556}") = "ABC206-A", "ABC206-A\ABC206-A.csproj", "{7964A09E-A710-4124-A0CB-05BC0953AF56}"
EndProject
Project("{9A19103F-16F7-4668-BE54-9A1E7A4F7556}") = "ABC206-B", "ABC206-B\ABC206-B.csproj", "{365B6B04-032D-4345-ACD1-F390DA7DB91E}"
EndProject
Project("{9A19103F-16F7-4668-BE54-9A1E7A4F7556}") = "ABC205-A", "ABC205-A\ABC205-A.csproj", "{9069AC94-0C76-40E4-99AA-E536C39CD2A0}"
EndProject
Project("{9A19103F-16F7-4668-BE54-9A1E7A4F7556}") = "ABC205-B", "ABC205-B\ABC205-B.csproj", "{3BC31B9C-370F-4648-BDF2-EF0129379D20}"
EndProject
Project("{9A19103F-16F7-4668-BE54-9A1E7A4F7556}") = "ABC204-A", "ABC204-A\ABC204-A.csproj", "{E9181531-DA98-4A0D-A306-F6D02DD23A8B}"
EndProject
Project("{9A19103F-16F7-4668-BE54-9A1E7A4F7556}") = "ABC204-B", "ABC204-B\ABC204-B.csproj", "{FC00F96B-2265-4341-9D83-D3E4A6E1E07F}"
EndProject
Project("{9A19103F-16F7-4668-BE54-9A1E7A4F7556}") = "ABC203-A", "ABC203-A\ABC203-A.csproj", "{068891E2-0620-435F-8755-4E659EC90960}"
EndProject
Project("{9A19103F-16F7-4668-BE54-9A1E7A4F7556}") = "ABC203-B", "ABC203-B\ABC203-B.csproj", "{63385303-2828-4966-AAD1-72C307AE9776}"
EndProject
Project("{9A19103F-16F7-4668-BE54-9A1E7A4F7556}") = "ABC202-A", "ABC202-A\ABC202-A.csproj", "{ED2CFECE-2A90-4B1F-8322-5B7993B4CB1A}"
EndProject
Project("{9A19103F-16F7-4668-BE54-9A1E7A4F7556}") = "ABC202-B", "ABC202-B\ABC202-B.csproj", "{4284776E-C636-4A6A-9D4D-FCC8422BE204}"
EndProject
Project("{9A19103F-16F7-4668-BE54-9A1E7A4F7556}") = "ABC201-A", "ABC201-A\ABC201-A.csproj", "{9A1CC225-077A-428A-B6A8-93F3AA42F59B}"
EndProject
Project("{9A19103F-16F7-4668-BE54-9A1E7A4F7556}") = "ABC201-B", "ABC201-B\ABC201-B.csproj", "{11D115B8-47E1-4034-BB71-70FA237678AA}"
EndProject
Project("{FAE04EC0-301F-11D3-BF4B-00C04F79EFBC}") = "ABC200-A", "ABC200-A\ABC200-A.csproj", "{C0ED5AFD-FA5A-4E79-B53A-0CD8CCB5B198}"
EndProject
Project("{FAE04EC0-301F-11D3-BF4B-00C04F79EFBC}") = "ABC200-B", "ABC200-B\ABC200-B.csproj", "{C2B82154-199C-4FD1-AC36-B1B7F9B4AB9F}"
EndProject
Project("{FAE04EC0-301F-11D3-BF4B-00C04F79EFBC}") = "ABC199-A", "ABC199-A\ABC199-A.csproj", "{151937FF-3363-46A6-92CE-EFFEA9A7DE5E}"
EndProject
Project("{FAE04EC0-301F-11D3-BF4B-00C04F79EFBC}") = "ABC199-B", "ABC199-B\ABC199-B.csproj", "{4A751D45-1D57-4A62-8036-43D678F93187}"
EndProject
Project("{FAE04EC0-301F-11D3-BF4B-00C04F79EFBC}") = "ABC198-A", "ABC198-A\ABC198-A.csproj", "{7E0A8EFB-FC11-4509-9D8E-8CA9042CAF50}"
EndProject
Project("{FAE04EC0-301F-11D3-BF4B-00C04F79EFBC}") = "ABC198-B", "ABC198-B\ABC198-B.csproj", "{82455FEF-0063-422C-9E37-C95D7205F176}"
EndProject
Global
	GlobalSection(SolutionConfigurationPlatforms) = preSolution
		Debug|Any CPU = Debug|Any CPU
		Release|Any CPU = Release|Any CPU
	EndGlobalSection
	GlobalSection(ProjectConfigurationPlatforms) = postSolution
		{7562D1E7-49F3-4E8B-9A4D-25DF57B21D84}.Debug|Any CPU.ActiveCfg = Debug|Any CPU
		{7562D1E7-49F3-4E8B-9A4D-25DF57B21D84}.Debug|Any CPU.Build.0 = Debug|Any CPU
		{7562D1E7-49F3-4E8B-9A4D-25DF57B21D84}.Release|Any CPU.ActiveCfg = Release|Any CPU
		{7562D1E7-49F3-4E8B-9A4D-25DF57B21D84}.Release|Any CPU.Build.0 = Release|Any CPU
		{FB08386B-21B8-4591-941B-37910FE5E947}.Debug|Any CPU.ActiveCfg = Debug|Any CPU
		{FB08386B-21B8-4591-941B-37910FE5E947}.Debug|Any CPU.Build.0 = Debug|Any CPU
		{FB08386B-21B8-4591-941B-37910FE5E947}.Release|Any CPU.ActiveCfg = Release|Any CPU
		{FB08386B-21B8-4591-941B-37910FE5E947}.Release|Any CPU.Build.0 = Release|Any CPU
		{3D31F7CE-0989-4F4E-9762-800FAF09B908}.Debug|Any CPU.ActiveCfg = Debug|Any CPU
		{3D31F7CE-0989-4F4E-9762-800FAF09B908}.Debug|Any CPU.Build.0 = Debug|Any CPU
		{3D31F7CE-0989-4F4E-9762-800FAF09B908}.Release|Any CPU.ActiveCfg = Release|Any CPU
		{3D31F7CE-0989-4F4E-9762-800FAF09B908}.Release|Any CPU.Build.0 = Release|Any CPU
		{64477FCE-EEA7-4064-A217-6E6DD2FDED54}.Debug|Any CPU.ActiveCfg = Debug|Any CPU
		{64477FCE-EEA7-4064-A217-6E6DD2FDED54}.Debug|Any CPU.Build.0 = Debug|Any CPU
		{64477FCE-EEA7-4064-A217-6E6DD2FDED54}.Release|Any CPU.ActiveCfg = Release|Any CPU
		{64477FCE-EEA7-4064-A217-6E6DD2FDED54}.Release|Any CPU.Build.0 = Release|Any CPU
		{74C6F368-0032-4057-B27E-9AB9AA34639B}.Debug|Any CPU.ActiveCfg = Debug|Any CPU
		{74C6F368-0032-4057-B27E-9AB9AA34639B}.Debug|Any CPU.Build.0 = Debug|Any CPU
		{74C6F368-0032-4057-B27E-9AB9AA34639B}.Release|Any CPU.ActiveCfg = Release|Any CPU
		{74C6F368-0032-4057-B27E-9AB9AA34639B}.Release|Any CPU.Build.0 = Release|Any CPU
		{C7B9FB0A-C23E-43EA-92C4-BDD775ACED73}.Debug|Any CPU.ActiveCfg = Debug|Any CPU
		{C7B9FB0A-C23E-43EA-92C4-BDD775ACED73}.Debug|Any CPU.Build.0 = Debug|Any CPU
		{C7B9FB0A-C23E-43EA-92C4-BDD775ACED73}.Release|Any CPU.ActiveCfg = Release|Any CPU
		{C7B9FB0A-C23E-43EA-92C4-BDD775ACED73}.Release|Any CPU.Build.0 = Release|Any CPU
		{7964A09E-A710-4124-A0CB-05BC0953AF56}.Debug|Any CPU.ActiveCfg = Debug|Any CPU
		{7964A09E-A710-4124-A0CB-05BC0953AF56}.Debug|Any CPU.Build.0 = Debug|Any CPU
		{7964A09E-A710-4124-A0CB-05BC0953AF56}.Release|Any CPU.ActiveCfg = Release|Any CPU
		{7964A09E-A710-4124-A0CB-05BC0953AF56}.Release|Any CPU.Build.0 = Release|Any CPU
		{365B6B04-032D-4345-ACD1-F390DA7DB91E}.Debug|Any CPU.ActiveCfg = Debug|Any CPU
		{365B6B04-032D-4345-ACD1-F390DA7DB91E}.Debug|Any CPU.Build.0 = Debug|Any CPU
		{365B6B04-032D-4345-ACD1-F390DA7DB91E}.Release|Any CPU.ActiveCfg = Release|Any CPU
		{365B6B04-032D-4345-ACD1-F390DA7DB91E}.Release|Any CPU.Build.0 = Release|Any CPU
		{9069AC94-0C76-40E4-99AA-E536C39CD2A0}.Debug|Any CPU.ActiveCfg = Debug|Any CPU
		{9069AC94-0C76-40E4-99AA-E536C39CD2A0}.Debug|Any CPU.Build.0 = Debug|Any CPU
		{9069AC94-0C76-40E4-99AA-E536C39CD2A0}.Release|Any CPU.ActiveCfg = Release|Any CPU
		{9069AC94-0C76-40E4-99AA-E536C39CD2A0}.Release|Any CPU.Build.0 = Release|Any CPU
		{3BC31B9C-370F-4648-BDF2-EF0129379D20}.Debug|Any CPU.ActiveCfg = Debug|Any CPU
		{3BC31B9C-370F-4648-BDF2-EF0129379D20}.Debug|Any CPU.Build.0 = Debug|Any CPU
		{3BC31B9C-370F-4648-BDF2-EF0129379D20}.Release|Any CPU.ActiveCfg = Release|Any CPU
		{3BC31B9C-370F-4648-BDF2-EF0129379D20}.Release|Any CPU.Build.0 = Release|Any CPU
		{E9181531-DA98-4A0D-A306-F6D02DD23A8B}.Debug|Any CPU.ActiveCfg = Debug|Any CPU
		{E9181531-DA98-4A0D-A306-F6D02DD23A8B}.Debug|Any CPU.Build.0 = Debug|Any CPU
		{E9181531-DA98-4A0D-A306-F6D02DD23A8B}.Release|Any CPU.ActiveCfg = Release|Any CPU
		{E9181531-DA98-4A0D-A306-F6D02DD23A8B}.Release|Any CPU.Build.0 = Release|Any CPU
		{FC00F96B-2265-4341-9D83-D3E4A6E1E07F}.Debug|Any CPU.ActiveCfg = Debug|Any CPU
		{FC00F96B-2265-4341-9D83-D3E4A6E1E07F}.Debug|Any CPU.Build.0 = Debug|Any CPU
		{FC00F96B-2265-4341-9D83-D3E4A6E1E07F}.Release|Any CPU.ActiveCfg = Release|Any CPU
		{FC00F96B-2265-4341-9D83-D3E4A6E1E07F}.Release|Any CPU.Build.0 = Release|Any CPU
		{068891E2-0620-435F-8755-4E659EC90960}.Debug|Any CPU.ActiveCfg = Debug|Any CPU
		{068891E2-0620-435F-8755-4E659EC90960}.Debug|Any CPU.Build.0 = Debug|Any CPU
		{068891E2-0620-435F-8755-4E659EC90960}.Release|Any CPU.ActiveCfg = Release|Any CPU
		{068891E2-0620-435F-8755-4E659EC90960}.Release|Any CPU.Build.0 = Release|Any CPU
		{63385303-2828-4966-AAD1-72C307AE9776}.Debug|Any CPU.ActiveCfg = Debug|Any CPU
		{63385303-2828-4966-AAD1-72C307AE9776}.Debug|Any CPU.Build.0 = Debug|Any CPU
		{63385303-2828-4966-AAD1-72C307AE9776}.Release|Any CPU.ActiveCfg = Release|Any CPU
		{63385303-2828-4966-AAD1-72C307AE9776}.Release|Any CPU.Build.0 = Release|Any CPU
		{ED2CFECE-2A90-4B1F-8322-5B7993B4CB1A}.Debug|Any CPU.ActiveCfg = Debug|Any CPU
		{ED2CFECE-2A90-4B1F-8322-5B7993B4CB1A}.Debug|Any CPU.Build.0 = Debug|Any CPU
		{ED2CFECE-2A90-4B1F-8322-5B7993B4CB1A}.Release|Any CPU.ActiveCfg = Release|Any CPU
		{ED2CFECE-2A90-4B1F-8322-5B7993B4CB1A}.Release|Any CPU.Build.0 = Release|Any CPU
		{4284776E-C636-4A6A-9D4D-FCC8422BE204}.Debug|Any CPU.ActiveCfg = Debug|Any CPU
		{4284776E-C636-4A6A-9D4D-FCC8422BE204}.Debug|Any CPU.Build.0 = Debug|Any CPU
		{4284776E-C636-4A6A-9D4D-FCC8422BE204}.Release|Any CPU.ActiveCfg = Release|Any CPU
		{4284776E-C636-4A6A-9D4D-FCC8422BE204}.Release|Any CPU.Build.0 = Release|Any CPU
		{9A1CC225-077A-428A-B6A8-93F3AA42F59B}.Debug|Any CPU.ActiveCfg = Debug|Any CPU
		{9A1CC225-077A-428A-B6A8-93F3AA42F59B}.Debug|Any CPU.Build.0 = Debug|Any CPU
		{9A1CC225-077A-428A-B6A8-93F3AA42F59B}.Release|Any CPU.ActiveCfg = Release|Any CPU
		{9A1CC225-077A-428A-B6A8-93F3AA42F59B}.Release|Any CPU.Build.0 = Release|Any CPU
		{11D115B8-47E1-4034-BB71-70FA237678AA}.Debug|Any CPU.ActiveCfg = Debug|Any CPU
		{11D115B8-47E1-4034-BB71-70FA237678AA}.Debug|Any CPU.Build.0 = Debug|Any CPU
		{11D115B8-47E1-4034-BB71-70FA237678AA}.Release|Any CPU.ActiveCfg = Release|Any CPU
		{11D115B8-47E1-4034-BB71-70FA237678AA}.Release|Any CPU.Build.0 = Release|Any CPU
		{C0ED5AFD-FA5A-4E79-B53A-0CD8CCB5B198}.Debug|Any CPU.ActiveCfg = Debug|Any CPU
		{C0ED5AFD-FA5A-4E79-B53A-0CD8CCB5B198}.Debug|Any CPU.Build.0 = Debug|Any CPU
		{C0ED5AFD-FA5A-4E79-B53A-0CD8CCB5B198}.Release|Any CPU.ActiveCfg = Release|Any CPU
		{C0ED5AFD-FA5A-4E79-B53A-0CD8CCB5B198}.Release|Any CPU.Build.0 = Release|Any CPU
		{C2B82154-199C-4FD1-AC36-B1B7F9B4AB9F}.Debug|Any CPU.ActiveCfg = Debug|Any CPU
		{C2B82154-199C-4FD1-AC36-B1B7F9B4AB9F}.Debug|Any CPU.Build.0 = Debug|Any CPU
		{C2B82154-199C-4FD1-AC36-B1B7F9B4AB9F}.Release|Any CPU.ActiveCfg = Release|Any CPU
		{C2B82154-199C-4FD1-AC36-B1B7F9B4AB9F}.Release|Any CPU.Build.0 = Release|Any CPU
		{151937FF-3363-46A6-92CE-EFFEA9A7DE5E}.Debug|Any CPU.ActiveCfg = Debug|Any CPU
		{151937FF-3363-46A6-92CE-EFFEA9A7DE5E}.Debug|Any CPU.Build.0 = Debug|Any CPU
		{151937FF-3363-46A6-92CE-EFFEA9A7DE5E}.Release|Any CPU.ActiveCfg = Release|Any CPU
		{151937FF-3363-46A6-92CE-EFFEA9A7DE5E}.Release|Any CPU.Build.0 = Release|Any CPU
		{4A751D45-1D57-4A62-8036-43D678F93187}.Debug|Any CPU.ActiveCfg = Debug|Any CPU
		{4A751D45-1D57-4A62-8036-43D678F93187}.Debug|Any CPU.Build.0 = Debug|Any CPU
		{4A751D45-1D57-4A62-8036-43D678F93187}.Release|Any CPU.ActiveCfg = Release|Any CPU
		{4A751D45-1D57-4A62-8036-43D678F93187}.Release|Any CPU.Build.0 = Release|Any CPU
		{7E0A8EFB-FC11-4509-9D8E-8CA9042CAF50}.Debug|Any CPU.ActiveCfg = Debug|Any CPU
		{7E0A8EFB-FC11-4509-9D8E-8CA9042CAF50}.Debug|Any CPU.Build.0 = Debug|Any CPU
		{7E0A8EFB-FC11-4509-9D8E-8CA9042CAF50}.Release|Any CPU.ActiveCfg = Release|Any CPU
		{7E0A8EFB-FC11-4509-9D8E-8CA9042CAF50}.Release|Any CPU.Build.0 = Release|Any CPU
		{82455FEF-0063-422C-9E37-C95D7205F176}.Debug|Any CPU.ActiveCfg = Debug|Any CPU
		{82455FEF-0063-422C-9E37-C95D7205F176}.Debug|Any CPU.Build.0 = Debug|Any CPU
		{82455FEF-0063-422C-9E37-C95D7205F176}.Release|Any CPU.ActiveCfg = Release|Any CPU
		{82455FEF-0063-422C-9E37-C95D7205F176}.Release|Any CPU.Build.0 = Release|Any CPU
	EndGlobalSection
	GlobalSection(SolutionProperties) = preSolution
		HideSolutionNode = FALSE
	EndGlobalSection
	GlobalSection(ExtensibilityGlobals) = postSolution
		SolutionGuid = {E2CF452E-8EA9-44DE-8060-62D01A365D5E}
	EndGlobalSection
EndGlobal
