
Microsoft Visual Studio Solution File, Format Version 12.00
# Visual Studio Version 16
VisualStudioVersion = 16.0.31424.327
MinimumVisualStudioVersion = 10.0.40219.1
Project("{9A19103F-16F7-4668-BE54-9A1E7A4F7556}") = "ABC209-A", "ABC209-A\ABC209-A.csproj", "{7562D1E7-49F3-4E8B-9A4D-25DF57B21D84}"
EndProject
Project("{9A19103F-16F7-4668-BE54-9A1E7A4F7556}") = "ABC209-B", "ABC209-B\ABC209-B.csproj", "{FB08386B-21B8-4591-941B-37910FE5E947}"
EndProject
Project("{FAE04EC0-301F-11D3-BF4B-00C04F79EFBC}") = "ABC208-A", "ABC208-A\ABC208-A.csproj", "{3D31F7CE-0989-4F4E-9762-800FAF09B908}"
EndProject
Project("{FAE04EC0-301F-11D3-BF4B-00C04F79EFBC}") = "ABC208-B", "ABC208-B\ABC208-B.csproj", "{64477FCE-EEA7-4064-A217-6E6DD2FDED54}"
EndProject
Project("{FAE04EC0-301F-11D3-BF4B-00C04F79EFBC}") = "ABC207-A", "ABC207-A\ABC207-A.csproj", "{74C6F368-0032-4057-B27E-9AB9AA34639B}"
EndProject
Global
	GlobalSection(SolutionConfigurationPlatforms) = preSolution
		Debug|Any CPU = Debug|Any CPU
		Release|Any CPU = Release|Any CPU
	EndGlobalSection
	GlobalSection(ProjectConfigurationPlatforms) = postSolution
		{7562D1E7-49F3-4E8B-9A4D-25DF57B21D84}.Debug|Any CPU.ActiveCfg = Debug|Any CPU
		{7562D1E7-49F3-4E8B-9A4D-25DF57B21D84}.Debug|Any CPU.Build.0 = Debug|Any CPU
		{7562D1E7-49F3-4E8B-9A4D-25DF57B21D84}.Release|Any CPU.ActiveCfg = Release|Any CPU
		{7562D1E7-49F3-4E8B-9A4D-25DF57B21D84}.Release|Any CPU.Build.0 = Release|Any CPU
		{FB08386B-21B8-4591-941B-37910FE5E947}.Debug|Any CPU.ActiveCfg = Debug|Any CPU
		{FB08386B-21B8-4591-941B-37910FE5E947}.Debug|Any CPU.Build.0 = Debug|Any CPU
		{FB08386B-21B8-4591-941B-37910FE5E947}.Release|Any CPU.ActiveCfg = Release|Any CPU
		{FB08386B-21B8-4591-941B-37910FE5E947}.Release|Any CPU.Build.0 = Release|Any CPU
		{3D31F7CE-0989-4F4E-9762-800FAF09B908}.Debug|Any CPU.ActiveCfg = Debug|Any CPU
		{3D31F7CE-0989-4F4E-9762-800FAF09B908}.Debug|Any CPU.Build.0 = Debug|Any CPU
		{3D31F7CE-0989-4F4E-9762-800FAF09B908}.Release|Any CPU.ActiveCfg = Release|Any CPU
		{3D31F7CE-0989-4F4E-9762-800FAF09B908}.Release|Any CPU.Build.0 = Release|Any CPU
		{64477FCE-EEA7-4064-A217-6E6DD2FDED54}.Debug|Any CPU.ActiveCfg = Debug|Any CPU
		{64477FCE-EEA7-4064-A217-6E6DD2FDED54}.Debug|Any CPU.Build.0 = Debug|Any CPU
		{64477FCE-EEA7-4064-A217-6E6DD2FDED54}.Release|Any CPU.ActiveCfg = Release|Any CPU
		{64477FCE-EEA7-4064-A217-6E6DD2FDED54}.Release|Any CPU.Build.0 = Release|Any CPU
		{74C6F368-0032-4057-B27E-9AB9AA34639B}.Debug|Any CPU.ActiveCfg = Debug|Any CPU
		{74C6F368-0032-4057-B27E-9AB9AA34639B}.Debug|Any CPU.Build.0 = Debug|Any CPU
		{74C6F368-0032-4057-B27E-9AB9AA34639B}.Release|Any CPU.ActiveCfg = Release|Any CPU
		{74C6F368-0032-4057-B27E-9AB9AA34639B}.Release|Any CPU.Build.0 = Release|Any CPU
	EndGlobalSection
	GlobalSection(SolutionProperties) = preSolution
		HideSolutionNode = FALSE
	EndGlobalSection
	GlobalSection(ExtensibilityGlobals) = postSolution
		SolutionGuid = {E2CF452E-8EA9-44DE-8060-62D01A365D5E}
	EndGlobalSection
EndGlobal
